
Microsoft Visual Studio Solution File, Format Version 12.00
# Visual Studio Version 17
VisualStudioVersion = 17.5.33627.172
MinimumVisualStudioVersion = 10.0.40219.1
Project("{FAE04EC0-301F-11D3-BF4B-00C04F79EFBC}") = "EnumOpdracht", "EnumOpdracht\EnumOpdracht.csproj", "{40577369-7CA8-43BE-8194-540BC0C7AE10}"
EndProject
Global
	GlobalSection(SolutionConfigurationPlatforms) = preSolution
		Debug|Any CPU = Debug|Any CPU
		Release|Any CPU = Release|Any CPU
	EndGlobalSection
	GlobalSection(ProjectConfigurationPlatforms) = postSolution
		{40577369-7CA8-43BE-8194-540BC0C7AE10}.Debug|Any CPU.ActiveCfg = Debug|Any CPU
		{40577369-7CA8-43BE-8194-540BC0C7AE10}.Debug|Any CPU.Build.0 = Debug|Any CPU
		{40577369-7CA8-43BE-8194-540BC0C7AE10}.Release|Any CPU.ActiveCfg = Release|Any CPU
		{40577369-7CA8-43BE-8194-540BC0C7AE10}.Release|Any CPU.Build.0 = Release|Any CPU
	EndGlobalSection
	GlobalSection(SolutionProperties) = preSolution
		HideSolutionNode = FALSE
	EndGlobalSection
	GlobalSection(ExtensibilityGlobals) = postSolution
		SolutionGuid = {6110176F-20F9-4320-B26C-B48DD30C84A9}
	EndGlobalSection
EndGlobal
